
Microsoft Visual Studio Solution File, Format Version 12.00
# Visual Studio Version 17
VisualStudioVersion = 17.3.32825.248
MinimumVisualStudioVersion = 10.0.40219.1
Project("{FAE04EC0-301F-11D3-BF4B-00C04F79EFBC}") = "Decision making theory", "Decision making theory.csproj", "{1EDE45F8-8605-43A4-8EA2-98E22EDC2D61}"
EndProject
Global
	GlobalSection(SolutionConfigurationPlatforms) = preSolution
		Debug|Any CPU = Debug|Any CPU
		Release|Any CPU = Release|Any CPU
	EndGlobalSection
	GlobalSection(ProjectConfigurationPlatforms) = postSolution
		{1EDE45F8-8605-43A4-8EA2-98E22EDC2D61}.Debug|Any CPU.ActiveCfg = Debug|Any CPU
		{1EDE45F8-8605-43A4-8EA2-98E22EDC2D61}.Debug|Any CPU.Build.0 = Debug|Any CPU
		{1EDE45F8-8605-43A4-8EA2-98E22EDC2D61}.Release|Any CPU.ActiveCfg = Release|Any CPU
		{1EDE45F8-8605-43A4-8EA2-98E22EDC2D61}.Release|Any CPU.Build.0 = Release|Any CPU
	EndGlobalSection
	GlobalSection(SolutionProperties) = preSolution
		HideSolutionNode = FALSE
	EndGlobalSection
	GlobalSection(ExtensibilityGlobals) = postSolution
		SolutionGuid = {3B974C65-CDFC-46C9-9DD3-8BD696FEBB60}
	EndGlobalSection
EndGlobal
